
Microsoft Visual Studio Solution File, Format Version 12.00
# Visual Studio 14
VisualStudioVersion = 14.0.25420.1
MinimumVisualStudioVersion = 10.0.40219.1
Project("{FAE04EC0-301F-11D3-BF4B-00C04F79EFBC}") = "petrik-2017-14s-kozos", "petrik-2017-14s-kozos.csproj", "{FB7C8027-0909-4436-8966-D0C166D5D9CB}"
EndProject
Global
	GlobalSection(SolutionConfigurationPlatforms) = preSolution
		Debug|Any CPU = Debug|Any CPU
		Release|Any CPU = Release|Any CPU
	EndGlobalSection
	GlobalSection(ProjectConfigurationPlatforms) = postSolution
		{FB7C8027-0909-4436-8966-D0C166D5D9CB}.Debug|Any CPU.ActiveCfg = Debug|Any CPU
		{FB7C8027-0909-4436-8966-D0C166D5D9CB}.Debug|Any CPU.Build.0 = Debug|Any CPU
		{FB7C8027-0909-4436-8966-D0C166D5D9CB}.Release|Any CPU.ActiveCfg = Release|Any CPU
		{FB7C8027-0909-4436-8966-D0C166D5D9CB}.Release|Any CPU.Build.0 = Release|Any CPU
	EndGlobalSection
	GlobalSection(SolutionProperties) = preSolution
		HideSolutionNode = FALSE
	EndGlobalSection
EndGlobal
